{
  "hashes": {
    "criteria/.gitkeep": "e3b0c44298fc1c149afbf4c8996fb92427ae41e4649b934ca495991b7852b855",
    "criteria/o1-correctness.yaml": "93d1d272852c76aeb58c759fd4d52640bf89bc826812d47b0469927bac6e5f5c",
    "criteria/o2-test-quality.yaml": "47dbe6821b9f7fced166b3cdd2bbadf71c4d95ea8e9717a163cbf83b8c2a768b",
    "criteria/o3-code-quality.yaml": "bff0a14e0f81c4ed24f6b18f975dae5759a433dad8175bdb9c80bab43d9bdb44",
    "criteria/o4-spec-fidelity.yaml": "d506379ec6bce7366a97d5e72f2296b808b0bb81c8e7ffe3286d5db823cff7bd",
    "criteria/p1-spec-cascade.yaml": "f4928a36861a88d900bc74594656ce32bc3e50b3066bfb96e2c12b692a91f067",
    "criteria/p2-role-boundary.yaml": "eb526f8bb4c215d5047810e5a26d0ba30aa7d265babf38d2b37dccda7eb5f3c9",
    "criteria/p3-orchestration.yaml": "73c63fd3d761a4c7d8bd40b9079947e6b7518236d0cd8d33b47f2ef51d7ed0e1",
    "criteria/p4-ssot-integrity.yaml": "adbc43a02483b0ae91ffce323675afa509f5ffa7149f651f25084237b7aa25a0",
    "gates/.gitkeep": "e3b0c44298fc1c149afbf4c8996fb92427ae41e4649b934ca495991b7852b855",
    "gates/evidence_validator.py": "f0886cd934aeaea4479bc8a44d3417ae75e9e79ba8a8d66908b3361979b37c02",
    "gates/frozen_lock.py": "566ff02dafd0e5e175558d3676a0d5c69f8a6b9ac758ee1d780e67f88830389e",
    "gates/pool_isolation.py": "841f1a542fff6c94a8819840724d6a132288fcb28f61eaac9095aa9258caa850",
    "gates/pyproject.toml": "ada17c045952946498f623516bcc026243de9db1cc47b3a342ce94f3095e6621",
    "gates/spot_check.py": "7dce72598f262df550cdc0178e13ec092c5f1f701bf83a4e1c002f67b2c4977b",
    "gates/tests/__init__.py": "e3b0c44298fc1c149afbf4c8996fb92427ae41e4649b934ca495991b7852b855",
    "gates/tests/conftest.py": "5da44247db025ada41ba5f25b69cede4b7998c93d9f81ca43db9a0284e0af5f9",
    "gates/tests/test_evidence_validator.py": "b31d315696d312ec6c140c815a88705a99174f5b92c1f3a8267cdd143339150b",
    "gates/tests/test_pool_isolation.py": "fb6f5b63f17ec01dc94c94158454f45d2645140770728c01e1c00e74e46903f5",
    "gates/tests/test_spot_check.py": "6fe22819af706e76e38fffeaef66fdfa1f91382693a76759394f1e9fc532a302",
    "pools/.gitkeep": "e3b0c44298fc1c149afbf4c8996fb92427ae41e4649b934ca495991b7852b855",
    "pools/pool-e.md": "d3c77b32673aa9fd3704584b6e670c15e58b02958267147a07e01fff7295b43e",
    "pools/pool-r.md": "a6d985c09edfdbedb45c5ad1f1c35edd4760e0687042465b5095d256024d8bd0",
    "pools/pool-t.md": "1a3b6b161bde4f0517846b84edb77b72bf046ac7d451f2f5407125ad65e1d6f1",
    "pools/pool-v.md": "9cd3bfb55e27d850c56ff5e9eb9c6aefff352aceab0d3ce19138c9876d79b3a3",
    "scripts/.gitkeep": "e3b0c44298fc1c149afbf4c8996fb92427ae41e4649b934ca495991b7852b855",
    "scripts/check_o1_1.py": "7a22779ca9a0baeb8b6586f8295ee5d1f7b32e9b246f72560a63037eab07913b",
    "scripts/check_o1_2.py": "1b5d3192b43763662b48ef140ebaa19935a1eda39be945b61bc29a33b5c3d5f5",
    "scripts/check_o1_3.py": "fc9a9145014885446e7222105a9ec8ae1031ac3e9856fff4f8cf4f5c9c5db8ad",
    "scripts/check_o1_4.py": "87223eb33854e8e0903985940996c967cbb6469f12d6db1a7a323691f1dea8a4",
    "scripts/check_o1_5.py": "2fdf31a86b5a89e813b54855b06f93033d4ea5985cc4b508b0da962aa97bfff4",
    "scripts/check_o1_6.py": "975fb9c34f9fd3603085a210a0f17661770b5bfbc291d318661f4f7804f80f8f",
    "scripts/check_o2_1.py": "663d1d25da4c4707d97dfa15f0912ed47dbd641e753aac3866d047c9366e6d16",
    "scripts/check_o2_2.py": "eb466206ebb2b2ff16aba884558bd2e6524d205bb95dd8648edc80a9181d21c9",
    "scripts/check_o2_3.py": "18394afa4ed854659eb225a7fe3850187c2478e8417ef0b6f34763fc2f76cb03",
    "scripts/check_o2_4.py": "ca1ae88c6e381c314e11dbf3ffa5fe9ec5aad8d85eb5351d0c0cc86cc805f040",
    "scripts/check_o2_5.py": "3cee654a8e3bf3c72c8f5e653c6d53c85f1d4c47ffd6d075acbc7f200e9d2058",
    "scripts/check_o2_6.py": "2ef46d431f5e46e8d1ec65dc232615d7fb36c08758ab6bb386a2ac3351d1496a",
    "scripts/check_o3_1.py": "f6d632a68082883945d8bdffea7e1c1f0431775bfa04154ceb0ad9e88d1bd666",
    "scripts/check_o3_2.py": "375996c7d643c9f28ea7944fa6cec7c76ae789a01e25764157d7a885646c22be",
    "scripts/check_o3_3.py": "62a944c6285a6c0142dc088cde910ce1737eadb3cc652a017e874b735d2b2045",
    "scripts/check_o3_4.py": "a3739afb9b6d9c327b6dfea95be73127d2b760b3404f3e7cd3aaac8bd6554975",
    "scripts/check_o3_5.py": "3889318343d7fa7bc7dbf37cfc5cc441a8144aea8a3672066f57ad2df86ecf08",
    "scripts/check_o3_6.py": "99e35352a619f5e07570b712d1ff20392b2187eb2a3806f6b1783c9754ca47d7",
    "scripts/check_o4_1.py": "76215c798060d7914274c44b0ab6282004ebb2b3d361570b0b672730f069fb81",
    "scripts/check_o4_2.py": "c5c670f66e92a43d73b228d9d8267d9c023a7fbe37295ccbba92baa8e3bb4b67",
    "scripts/check_o4_3.py": "1626d751b48a41a29cccbf052e29453a6df26c4094104ff5e0801ccd63369710",
    "scripts/check_o4_4.py": "5b16117858c14867b533d60857daabbe42a581393dc99d5f2006793747c18520",
    "scripts/check_o4_5.py": "28854d05046f8ac10d96f45640e23315c58a99aa8e64f627c6c3d0c7a37b9e14",
    "scripts/check_o4_6.py": "8892993d0530d41e41ae25bbf0856f7fa4bb3e223eaf54a73f1cde5db876ec7d",
    "scripts/check_p1_1.py": "4567f36f37d00a4b6a7e83af0615d151e8a7e99cff04398b01a53ef432985385",
    "scripts/check_p1_2.py": "3371ab9f0ad027b435166ceb0110af5ac59ad9958f83bbb7d4bcbea4a6355e21",
    "scripts/check_p1_3.py": "f9c93f9fbb13a16e4167eb0669268500628a500d70c8f86ca6133f9b4fb7312f",
    "scripts/check_p1_4.py": "9c62e0f88f6543428f09620e863c9f4597bbb22859c4a4b42c8bc6922c740c8c",
    "scripts/check_p1_5.py": "38ebca88923ec6da91d1927973acd08c106cf96fdc72e15d2576593625e5e58d",
    "scripts/check_p1_6.py": "2e0a7d2c2bae2937626ed9103ea4d2d9199e786e8fe578f483b35ab47840b1a8",
    "scripts/check_p2_1.py": "4f75df416f829c400317b53f092c76c2faf5f020b5b3263999b2fe04ace204cb",
    "scripts/check_p2_2.py": "760001c7431ead83b5d416800c049a8e13274d634d4a61ea2abb9148e4084462",
    "scripts/check_p2_3.py": "69da09bd8e8bacdc6642c7f44994e82c435482ac3d30e803f0105b1597214a88",
    "scripts/check_p2_4.py": "bafb485cf5465ac0632e56d6fda750386fe9da7d209297f0743831335c4c7a60",
    "scripts/check_p2_5.py": "5eceaa7236eb270d45e8bd3c70fcb544b192a306051792e666a88eac4450dfcb",
    "scripts/check_p2_6.py": "076b1101458978f357731083908a638be03be7258e5317d5d0bf1f2f9c133a3a",
    "scripts/check_p3_1.py": "57d810cc4c348c7418e46d785219addf95906dccad4a89ae84dabde3090bd4fe",
    "scripts/check_p3_2.py": "ca71483c5f38092dffbad99c423d4d7af99f58ba09e6840f110f9325f38a8c99",
    "scripts/check_p3_3.py": "8a400f5249d358cb2b223073be77162709028800a157949471c3f5000cfb0bdb",
    "scripts/check_p3_4.py": "d54d49dbf7ad66e343c56111a4b66c6ef8494275c2010ec9dcd4eb09a519f05c",
    "scripts/check_p3_5.py": "c7d1da6125f91ad7c7be8a9826bdf0b3b7578e42de9136e7bb229f3f8b1e4245",
    "scripts/check_p3_6.py": "3a5523d78474dd03f881dbd5e5410e17b903fb1c01c9ba3b135c98d7e8d6aff9",
    "scripts/check_p4_1.py": "be83a627f4cd9f9363d46ccf9490ee0cf1cc40a92e0a0cbed380868c88bffeb9",
    "scripts/check_p4_2.py": "4d8fe5b2679b02eefbbfaa6af63d8c88e56ffdc8d02aae379e00e866c210067e",
    "scripts/check_p4_3.py": "13087d955b14dd297630655fcf88ce833c1ce0a2e65a8cf3a494cc60f33ce864",
    "scripts/check_p4_4.py": "155e7e6a71ef06642f5d4f2b9887227de173309c48ed72294411916951e990b0",
    "scripts/check_p4_5.py": "9730e106eea8637d919b498a70edd3df697857b9e26b4237c83b34b8403dfc0a",
    "scripts/check_p4_6.py": "d16022e771d61d3058803dade935a51caf7c78ab63c3e884c4f3914e2cac87ad",
    "tiers/.gitkeep": "e3b0c44298fc1c149afbf4c8996fb92427ae41e4649b934ca495991b7852b855",
    "tiers/seed.yaml": "2c68df14662b42a9eba5772685f683bd1546abb91975ba8b473ee7e2294e6ab9",
    "tiers/tier-2.yaml": "d0cf7228c50443837fe0e22c446114d3d9d04459a2a062cca90822c90b5ba690",
    "tiers/tier-3.yaml": "fcd9468b8cf9b0fb21ebe945ff5fa00312c8b3046fd8b9cc66cf834100a98978"
  },
  "version": "1.0"
}